// !$*UTF8*$!
{
	archiveVersion = 1;
	classes = {
	};
	objectVersion = 56;
	objects = {

/* Begin PBXBuildFile section */
		045582452B15FD4A00AC1906 /* AppDelegate.swift in Sources */ = {isa = PBXBuildFile; fileRef = 045582442B15FD4A00AC1906 /* AppDelegate.swift */; };
		045582472B15FD4A00AC1906 /* SceneDelegate.swift in Sources */ = {isa = PBXBuildFile; fileRef = 045582462B15FD4A00AC1906 /* SceneDelegate.swift */; };
		045582492B15FD4A00AC1906 /* ViewController.swift in Sources */ = {isa = PBXBuildFile; fileRef = 045582482B15FD4A00AC1906 /* ViewController.swift */; };
		0455824C2B15FD4A00AC1906 /* Main.storyboard in Resources */ = {isa = PBXBuildFile; fileRef = 0455824A2B15FD4A00AC1906 /* Main.storyboard */; };
		0455824E2B15FD4C00AC1906 /* Assets.xcassets in Resources */ = {isa = PBXBuildFile; fileRef = 0455824D2B15FD4C00AC1906 /* Assets.xcassets */; };
		045582512B15FD4C00AC1906 /* LaunchScreen.storyboard in Resources */ = {isa = PBXBuildFile; fileRef = 0455824F2B15FD4C00AC1906 /* LaunchScreen.storyboard */; };
		045582592B15FE4200AC1906 /* ViewModel.swift in Sources */ = {isa = PBXBuildFile; fileRef = 045582582B15FE4200AC1906 /* ViewModel.swift */; };
		0455825B2B16024600AC1906 /* NiceViewController.swift in Sources */ = {isa = PBXBuildFile; fileRef = 0455825A2B16024600AC1906 /* NiceViewController.swift */; };
/* End PBXBuildFile section */

/* Begin PBXFileReference section */
		045582412B15FD4A00AC1906 /* combine_TextField_toy.app */ = {isa = PBXFileReference; explicitFileType = wrapper.application; includeInIndex = 0; path = combine_TextField_toy.app; sourceTree = BUILT_PRODUCTS_DIR; };
		045582442B15FD4A00AC1906 /* AppDelegate.swift */ = {isa = PBXFileReference; lastKnownFileType = sourcecode.swift; path = AppDelegate.swift; sourceTree = "<group>"; };
		045582462B15FD4A00AC1906 /* SceneDelegate.swift */ = {isa = PBXFileReference; lastKnownFileType = sourcecode.swift; path = SceneDelegate.swift; sourceTree = "<group>"; };
		045582482B15FD4A00AC1906 /* ViewController.swift */ = {isa = PBXFileReference; lastKnownFileType = sourcecode.swift; path = ViewController.swift; sourceTree = "<group>"; };
		0455824B2B15FD4A00AC1906 /* Base */ = {isa = PBXFileReference; lastKnownFileType = file.storyboard; name = Base; path = Base.lproj/Main.storyboard; sourceTree = "<group>"; };
		0455824D2B15FD4C00AC1906 /* Assets.xcassets */ = {isa = PBXFileReference; lastKnownFileType = folder.assetcatalog; path = Assets.xcassets; sourceTree = "<group>"; };
		045582502B15FD4C00AC1906 /* Base */ = {isa = PBXFileReference; lastKnownFileType = file.storyboard; name = Base; path = Base.lproj/LaunchScreen.storyboard; sourceTree = "<group>"; };
		045582522B15FD4C00AC1906 /* Info.plist */ = {isa = PBXFileReference; lastKnownFileType = text.plist.xml; path = Info.plist; sourceTree = "<group>"; };
		045582582B15FE4200AC1906 /* ViewModel.swift */ = {isa = PBXFileReference; lastKnownFileType = sourcecode.swift; path = ViewModel.swift; sourceTree = "<group>"; };
		0455825A2B16024600AC1906 /* NiceViewController.swift */ = {isa = PBXFileReference; lastKnownFileType = sourcecode.swift; path = NiceViewController.swift; sourceTree = "<group>"; };
/* End PBXFileReference section */

/* Begin PBXFrameworksBuildPhase section */
		0455823E2B15FD4A00AC1906 /* Frameworks */ = {
			isa = PBXFrameworksBuildPhase;
			buildActionMask = 2147483647;
			files = (
			);
			runOnlyForDeploymentPostprocessing = 0;
		};
/* End PBXFrameworksBuildPhase section */

/* Begin PBXGroup section */
		045582382B15FD4A00AC1906 = {
			isa = PBXGroup;
			children = (
				045582432B15FD4A00AC1906 /* combine_TextField_toy */,
				045582422B15FD4A00AC1906 /* Products */,
			);
			sourceTree = "<group>";
		};
		045582422B15FD4A00AC1906 /* Products */ = {
			isa = PBXGroup;
			children = (
				045582412B15FD4A00AC1906 /* combine_TextField_toy.app */,
			);
			name = Products;
			sourceTree = "<group>";
		};
		045582432B15FD4A00AC1906 /* combine_TextField_toy */ = {
			isa = PBXGroup;
			children = (
				045582442B15FD4A00AC1906 /* AppDelegate.swift */,
				045582462B15FD4A00AC1906 /* SceneDelegate.swift */,
				045582482B15FD4A00AC1906 /* ViewController.swift */,
				0455825A2B16024600AC1906 /* NiceViewController.swift */,
				045582582B15FE4200AC1906 /* ViewModel.swift */,
				0455824A2B15FD4A00AC1906 /* Main.storyboard */,
				0455824D2B15FD4C00AC1906 /* Assets.xcassets */,
				0455824F2B15FD4C00AC1906 /* LaunchScreen.storyboard */,
				045582522B15FD4C00AC1906 /* Info.plist */,
			);
			path = combine_TextField_toy;
			sourceTree = "<group>";
		};
/* End PBXGroup section */

/* Begin PBXNativeTarget section */
		045582402B15FD4A00AC1906 /* combine_TextField_toy */ = {
			isa = PBXNativeTarget;
			buildConfigurationList = 045582552B15FD4C00AC1906 /* Build configuration list for PBXNativeTarget "combine_TextField_toy" */;
			buildPhases = (
				0455823D2B15FD4A00AC1906 /* Sources */,
				0455823E2B15FD4A00AC1906 /* Frameworks */,
				0455823F2B15FD4A00AC1906 /* Resources */,
			);
			buildRules = (
			);
			dependencies = (
			);
			name = combine_TextField_toy;
			productName = combine_TextField_toy;
			productReference = 045582412B15FD4A00AC1906 /* combine_TextField_toy.app */;
			productType = "com.apple.product-type.application";
		};
/* End PBXNativeTarget section */

/* Begin PBXProject section */
		045582392B15FD4A00AC1906 /* Project object */ = {
			isa = PBXProject;
			attributes = {
				BuildIndependentTargetsInParallel = 1;
				LastSwiftUpdateCheck = 1500;
				LastUpgradeCheck = 1500;
				TargetAttributes = {
					045582402B15FD4A00AC1906 = {
						CreatedOnToolsVersion = 15.0.1;
					};
				};
			};
			buildConfigurationList = 0455823C2B15FD4A00AC1906 /* Build configuration list for PBXProject "combine_TextField_toy" */;
			compatibilityVersion = "Xcode 14.0";
			developmentRegion = en;
			hasScannedForEncodings = 0;
			knownRegions = (
				en,
				Base,
			);
			mainGroup = 045582382B15FD4A00AC1906;
			productRefGroup = 045582422B15FD4A00AC1906 /* Products */;
			projectDirPath = "";
			projectRoot = "";
			targets = (
				045582402B15FD4A00AC1906 /* combine_TextField_toy */,
			);
		};
/* End PBXProject section */

/* Begin PBXResourcesBuildPhase section */
		0455823F2B15FD4A00AC1906 /* Resources */ = {
			isa = PBXResourcesBuildPhase;
			buildActionMask = 2147483647;
			files = (
				045582512B15FD4C00AC1906 /* LaunchScreen.storyboard in Resources */,
				0455824E2B15FD4C00AC1906 /* Assets.xcassets in Resources */,
				0455824C2B15FD4A00AC1906 /* Main.storyboard in Resources */,
			);
			runOnlyForDeploymentPostprocessing = 0;
		};
/* End PBXResourcesBuildPhase section */

/* Begin PBXSourcesBuildPhase section */
		0455823D2B15FD4A00AC1906 /* Sources */ = {
			isa = PBXSourcesBuildPhase;
			buildActionMask = 2147483647;
			files = (
				045582492B15FD4A00AC1906 /* ViewController.swift in Sources */,
				045582452B15FD4A00AC1906 /* AppDelegate.swift in Sources */,
				0455825B2B16024600AC1906 /* NiceViewController.swift in Sources */,
				045582592B15FE4200AC1906 /* ViewModel.swift in Sources */,
				045582472B15FD4A00AC1906 /* SceneDelegate.swift in Sources */,
			);
			runOnlyForDeploymentPostprocessing = 0;
		};
/* End PBXSourcesBuildPhase section */

/* Begin PBXVariantGroup section */
		0455824A2B15FD4A00AC1906 /* Main.storyboard */ = {
			isa = PBXVariantGroup;
			children = (
				0455824B2B15FD4A00AC1906 /* Base */,
			);
			name = Main.storyboard;
			sourceTree = "<group>";
		};
		0455824F2B15FD4C00AC1906 /* LaunchScreen.storyboard */ = {
			isa = PBXVariantGroup;
			children = (
				045582502B15FD4C00AC1906 /* Base */,
			);
			name = LaunchScreen.storyboard;
			sourceTree = "<group>";
		};
/* End PBXVariantGroup section */

/* Begin XCBuildConfiguration section */
		045582532B15FD4C00AC1906 /* Debug */ = {
			isa = XCBuildConfiguration;
			buildSettings = {
				ALWAYS_SEARCH_USER_PATHS = NO;
				ASSETCATALOG_COMPILER_GENERATE_SWIFT_ASSET_SYMBOL_EXTENSIONS = YES;
				CLANG_ANALYZER_NONNULL = YES;
				CLANG_ANALYZER_NUMBER_OBJECT_CONVERSION = YES_AGGRESSIVE;
				CLANG_CXX_LANGUAGE_STANDARD = "gnu++20";
				CLANG_ENABLE_MODULES = YES;
				CLANG_ENABLE_OBJC_ARC = YES;
				CLANG_ENABLE_OBJC_WEAK = YES;
				CLANG_WARN_BLOCK_CAPTURE_AUTORELEASING = YES;
				CLANG_WARN_BOOL_CONVERSION = YES;
				CLANG_WARN_COMMA = YES;
				CLANG_WARN_CONSTANT_CONVERSION = YES;
				CLANG_WARN_DEPRECATED_OBJC_IMPLEMENTATIONS = YES;
				CLANG_WARN_DIRECT_OBJC_ISA_USAGE = YES_ERROR;
				CLANG_WARN_DOCUMENTATION_COMMENTS = YES;
				CLANG_WARN_EMPTY_BODY = YES;
				CLANG_WARN_ENUM_CONVERSION = YES;
				CLANG_WARN_INFINITE_RECURSION = YES;
				CLANG_WARN_INT_CONVERSION = YES;
				CLANG_WARN_NON_LITERAL_NULL_CONVERSION = YES;
				CLANG_WARN_OBJC_IMPLICIT_RETAIN_SELF = YES;
				CLANG_WARN_OBJC_LITERAL_CONVERSION = YES;
				CLANG_WARN_OBJC_ROOT_CLASS = YES_ERROR;
				CLANG_WARN_QUOTED_INCLUDE_IN_FRAMEWORK_HEADER = YES;
				CLANG_WARN_RANGE_LOOP_ANALYSIS = YES;
				CLANG_WARN_STRICT_PROTOTYPES = YES;
				CLANG_WARN_SUSPICIOUS_MOVE = YES;
				CLANG_WARN_UNGUARDED_AVAILABILITY = YES_AGGRESSIVE;
				CLANG_WARN_UNREACHABLE_CODE = YES;
				CLANG_WARN__DUPLICATE_METHOD_MATCH = YES;
				COPY_PHASE_STRIP = NO;
				DEBUG_INFORMATION_FORMAT = dwarf;
				ENABLE_STRICT_OBJC_MSGSEND = YES;
				ENABLE_TESTABILITY = YES;
				ENABLE_USER_SCRIPT_SANDBOXING = YES;
				GCC_C_LANGUAGE_STANDARD = gnu17;
				GCC_DYNAMIC_NO_PIC = NO;
				GCC_NO_COMMON_BLOCKS = YES;
				GCC_OPTIMIZATION_LEVEL = 0;
				GCC_PREPROCESSOR_DEFINITIONS = (
					"DEBUG=1",
					"$(inherited)",
				);
				GCC_WARN_64_TO_32_BIT_CONVERSION = YES;
				GCC_WARN_ABOUT_RETURN_TYPE = YES_ERROR;
				GCC_WARN_UNDECLARED_SELECTOR = YES;
				GCC_WARN_UNINITIALIZED_AUTOS = YES_AGGRESSIVE;
				GCC_WARN_UNUSED_FUNCTION = YES;
				GCC_WARN_UNUSED_VARIABLE = YES;
				IPHONEOS_DEPLOYMENT_TARGET = 17.0;
				LOCALIZATION_PREFERS_STRING_CATALOGS = YES;
				MTL_ENABLE_DEBUG_INFO = INCLUDE_SOURCE;
				MTL_FAST_MATH = YES;
				ONLY_ACTIVE_ARCH = YES;
				SDKROOT = iphoneos;
				SWIFT_ACTIVE_COMPILATION_CONDITIONS = "DEBUG $(inherited)";
				SWIFT_OPTIMIZATION_LEVEL = "-Onone";
			};
			name = Debug;
		};
		045582542B15FD4C00AC1906 /* Release */ = {
			isa = XCBuildConfiguration;
			buildSettings = {
				ALWAYS_SEARCH_USER_PATHS = NO;
				ASSETCATALOG_COMPILER_GENERATE_SWIFT_ASSET_SYMBOL_EXTENSIONS = YES;
				CLANG_ANALYZER_NONNULL = YES;
				CLANG_ANALYZER_NUMBER_OBJECT_CONVERSION = YES_AGGRESSIVE;
				CLANG_CXX_LANGUAGE_STANDARD = "gnu++20";
				CLANG_ENABLE_MODULES = YES;
				CLANG_ENABLE_OBJC_ARC = YES;
				CLANG_ENABLE_OBJC_WEAK = YES;
				CLANG_WARN_BLOCK_CAPTURE_AUTORELEASING = YES;
				CLANG_WARN_BOOL_CONVERSION = YES;
				CLANG_WARN_COMMA = YES;
				CLANG_WARN_CONSTANT_CONVERSION = YES;
				CLANG_WARN_DEPRECATED_OBJC_IMPLEMENTATIONS = YES;
				CLANG_WARN_DIRECT_OBJC_ISA_USAGE = YES_ERROR;
				CLANG_WARN_DOCUMENTATION_COMMENTS = YES;
				CLANG_WARN_EMPTY_BODY = YES;
				CLANG_WARN_ENUM_CONVERSION = YES;
				CLANG_WARN_INFINITE_RECURSION = YES;
				CLANG_WARN_INT_CONVERSION = YES;
				CLANG_WARN_NON_LITERAL_NULL_CONVERSION = YES;
				CLANG_WARN_OBJC_IMPLICIT_RETAIN_SELF = YES;
				CLANG_WARN_OBJC_LITERAL_CONVERSION = YES;
				CLANG_WARN_OBJC_ROOT_CLASS = YES_ERROR;
				CLANG_WARN_QUOTED_INCLUDE_IN_FRAMEWORK_HEADER = YES;
				CLANG_WARN_RANGE_LOOP_ANALYSIS = YES;
				CLANG_WARN_STRICT_PROTOTYPES = YES;
				CLANG_WARN_SUSPICIOUS_MOVE = YES;
				CLANG_WARN_UNGUARDED_AVAILABILITY = YES_AGGRESSIVE;
				CLANG_WARN_UNREACHABLE_CODE = YES;
				CLANG_WARN__DUPLICATE_METHOD_MATCH = YES;
				COPY_PHASE_STRIP = NO;
				DEBUG_INFORMATION_FORMAT = "dwarf-with-dsym";
				ENABLE_NS_ASSERTIONS = NO;
				ENABLE_STRICT_OBJC_MSGSEND = YES;
				ENABLE_USER_SCRIPT_SANDBOXING = YES;
				GCC_C_LANGUAGE_STANDARD = gnu17;
				GCC_NO_COMMON_BLOCKS = YES;
				GCC_WARN_64_TO_32_BIT_CONVERSION = YES;
				GCC_WARN_ABOUT_RETURN_TYPE = YES_ERROR;
				GCC_WARN_UNDECLARED_SELECTOR = YES;
				GCC_WARN_UNINITIALIZED_AUTOS = YES_AGGRESSIVE;
				GCC_WARN_UNUSED_FUNCTION = YES;
				GCC_WARN_UNUSED_VARIABLE = YES;
				IPHONEOS_DEPLOYMENT_TARGET = 17.0;
				LOCALIZATION_PREFERS_STRING_CATALOGS = YES;
				MTL_ENABLE_DEBUG_INFO = NO;
				MTL_FAST_MATH = YES;
				SDKROOT = iphoneos;
				SWIFT_COMPILATION_MODE = wholemodule;
				VALIDATE_PRODUCT = YES;
			};
			name = Release;
		};
		045582562B15FD4C00AC1906 /* Debug */ = {
			isa = XCBuildConfiguration;
			buildSettings = {
				ASSETCATALOG_COMPILER_APPICON_NAME = AppIcon;
				ASSETCATALOG_COMPILER_GLOBAL_ACCENT_COLOR_NAME = AccentColor;
				CODE_SIGN_STYLE = Automatic;
				CURRENT_PROJECT_VERSION = 1;
				DEVELOPMENT_TEAM = C228F79P72;
				GENERATE_INFOPLIST_FILE = YES;
				INFOPLIST_FILE = combine_TextField_toy/Info.plist;
				INFOPLIST_KEY_UIApplicationSupportsIndirectInputEvents = YES;
				INFOPLIST_KEY_UILaunchStoryboardName = LaunchScreen;
				INFOPLIST_KEY_UIMainStoryboardFile = Main;
				INFOPLIST_KEY_UISupportedInterfaceOrientations_iPad = "UIInterfaceOrientationPortrait UIInterfaceOrientationPortraitUpsideDown UIInterfaceOrientationLandscapeLeft UIInterfaceOrientationLandscapeRight";
				INFOPLIST_KEY_UISupportedInterfaceOrientations_iPhone = "UIInterfaceOrientationPortrait UIInterfaceOrientationLandscapeLeft UIInterfaceOrientationLandscapeRight";
				LD_RUNPATH_SEARCH_PATHS = (
					"$(inherited)",
					"@executable_path/Frameworks",
				);
				MARKETING_VERSION = 1.0;
				PRODUCT_BUNDLE_IDENTIFIER = "combine-TextField-toy.combine-TextField-toy";
				PRODUCT_NAME = "$(TARGET_NAME)";
				SWIFT_EMIT_LOC_STRINGS = YES;
				SWIFT_VERSION = 5.0;
				TARGETED_DEVICE_FAMILY = "1,2";
			};
			name = Debug;
		};
		045582572B15FD4C00AC1906 /* Release */ = {
			isa = XCBuildConfiguration;
			buildSettings = {
				ASSETCATALOG_COMPILER_APPICON_NAME = AppIcon;
				ASSETCATALOG_COMPILER_GLOBAL_ACCENT_COLOR_NAME = AccentColor;
				CODE_SIGN_STYLE = Automatic;
				CURRENT_PROJECT_VERSION = 1;
				DEVELOPMENT_TEAM = C228F79P72;
				GENERATE_INFOPLIST_FILE = YES;
				INFOPLIST_FILE = combine_TextField_toy/Info.plist;
				INFOPLIST_KEY_UIApplicationSupportsIndirectInputEvents = YES;
				INFOPLIST_KEY_UILaunchStoryboardName = LaunchScreen;
				INFOPLIST_KEY_UIMainStoryboardFile = Main;
				INFOPLIST_KEY_UISupportedInterfaceOrientations_iPad = "UIInterfaceOrientationPortrait UIInterfaceOrientationPortraitUpsideDown UIInterfaceOrientationLandscapeLeft UIInterfaceOrientationLandscapeRight";
				INFOPLIST_KEY_UISupportedInterfaceOrientations_iPhone = "UIInterfaceOrientationPortrait UIInterfaceOrientationLandscapeLeft UIInterfaceOrientationLandscapeRight";
				LD_RUNPATH_SEARCH_PATHS = (
					"$(inherited)",
					"@executable_path/Frameworks",
				);
				MARKETING_VERSION = 1.0;
				PRODUCT_BUNDLE_IDENTIFIER = "combine-TextField-toy.combine-TextField-toy";
				PRODUCT_NAME = "$(TARGET_NAME)";
				SWIFT_EMIT_LOC_STRINGS = YES;
				SWIFT_VERSION = 5.0;
				TARGETED_DEVICE_FAMILY = "1,2";
			};
			name = Release;
		};
/* End XCBuildConfiguration section */

/* Begin XCConfigurationList section */
		0455823C2B15FD4A00AC1906 /* Build configuration list for PBXProject "combine_TextField_toy" */ = {
			isa = XCConfigurationList;
			buildConfigurations = (
				045582532B15FD4C00AC1906 /* Debug */,
				045582542B15FD4C00AC1906 /* Release */,
			);
			defaultConfigurationIsVisible = 0;
			defaultConfigurationName = Release;
		};
		045582552B15FD4C00AC1906 /* Build configuration list for PBXNativeTarget "combine_TextField_toy" */ = {
			isa = XCConfigurationList;
			buildConfigurations = (
				045582562B15FD4C00AC1906 /* Debug */,
				045582572B15FD4C00AC1906 /* Release */,
			);
			defaultConfigurationIsVisible = 0;
			defaultConfigurationName = Release;
		};
/* End XCConfigurationList section */
	};
	rootObject = 045582392B15FD4A00AC1906 /* Project object */;
}
